
Microsoft Visual Studio Solution File, Format Version 12.00
# Visual Studio 15
VisualStudioVersion = 15.0.26430.6
MinimumVisualStudioVersion = 10.0.40219.1
Project("{9A19103F-16F7-4668-BE54-9A1E7A4F7556}") = "KickStarter.BusinessLayer", "KickStarter.BusinessLayer\KickStarter.BusinessLayer.csproj", "{EAB9E919-3713-458F-BC66-3A2E87482905}"
EndProject
Project("{9A19103F-16F7-4668-BE54-9A1E7A4F7556}") = "KickStarter.Framework", "Kickstarter.Framework\KickStarter.Framework.csproj", "{B93F1570-B770-4957-B2F7-F8DCC10CAA60}"
EndProject
Project("{9A19103F-16F7-4668-BE54-9A1E7A4F7556}") = "KickStarter.ServiceLayer.Tests", "KickStarter.ServiceLayer.Tests\KickStarter.ServiceLayer.Tests.csproj", "{6C2BF0BC-0F78-4606-AA60-D94C6AC02518}"
EndProject
Project("{9A19103F-16F7-4668-BE54-9A1E7A4F7556}") = "KickStartrer.Service", "KickStartrer.Service\KickStartrer.Service.csproj", "{012AAD08-1021-40EE-82C0-EE88F749E29C}"
EndProject
Project("{9A19103F-16F7-4668-BE54-9A1E7A4F7556}") = "KickStarter.BusinesLayer.Tests", "KickStarter.BusinesLayer.Tests\KickStarter.BusinesLayer.Tests.csproj", "{EE11CB2D-F882-4235-A2C0-A7CBFAFABB49}"
EndProject
Project("{9A19103F-16F7-4668-BE54-9A1E7A4F7556}") = "KickStarter_Testdata", "KickStarter_Testdata\KickStarter_Testdata.csproj", "{24A02274-6757-4F11-9D47-BC9E0CFBC649}"
EndProject
Project("{2150E333-8FDC-42A3-9474-1A3956D46DE8}") = "Solution Items", "Solution Items", "{9A0C7E23-94F8-4C5D-97FD-D620932D5CC3}"
	ProjectSection(SolutionItems) = preProject
		ReadMe.txt = ReadMe.txt
	EndProjectSection
EndProject
Project("{9A19103F-16F7-4668-BE54-9A1E7A4F7556}") = "KickStarter.Library", "KickStarter.Library\KickStarter.Library.csproj", "{3BAB0AB3-D0B2-49F6-8565-D9BDA9D667AC}"
EndProject
Project("{9A19103F-16F7-4668-BE54-9A1E7A4F7556}") = "KickStarter.Library.Tests", "KickStarter.Library.Tests\KickStarter.Library.Tests.csproj", "{01C1F016-3037-45CE-B7F2-8A4765FC0E33}"
EndProject
Project("{9A19103F-16F7-4668-BE54-9A1E7A4F7556}") = "KickStarter.DataLayer", "KickStarter.DataLayer\KickStarter.DataLayer.csproj", "{19077B59-9F79-4080-A0A2-4D3DDCF8A474}"
EndProject
Project("{FAE04EC0-301F-11D3-BF4B-00C04F79EFBC}") = "KickStarter.PresentationLayer", "KickStarter.PresentationLayer\KickStarter.PresentationLayer.csproj", "{F7741072-9199-4A2B-837F-9C11375CA322}"
EndProject
Global
	GlobalSection(SolutionConfigurationPlatforms) = preSolution
		Debug|Any CPU = Debug|Any CPU
		Release|Any CPU = Release|Any CPU
	EndGlobalSection
	GlobalSection(ProjectConfigurationPlatforms) = postSolution
		{EAB9E919-3713-458F-BC66-3A2E87482905}.Debug|Any CPU.ActiveCfg = Debug|Any CPU
		{EAB9E919-3713-458F-BC66-3A2E87482905}.Debug|Any CPU.Build.0 = Debug|Any CPU
		{EAB9E919-3713-458F-BC66-3A2E87482905}.Release|Any CPU.ActiveCfg = Release|Any CPU
		{EAB9E919-3713-458F-BC66-3A2E87482905}.Release|Any CPU.Build.0 = Release|Any CPU
		{B93F1570-B770-4957-B2F7-F8DCC10CAA60}.Debug|Any CPU.ActiveCfg = Debug|Any CPU
		{B93F1570-B770-4957-B2F7-F8DCC10CAA60}.Debug|Any CPU.Build.0 = Debug|Any CPU
		{B93F1570-B770-4957-B2F7-F8DCC10CAA60}.Release|Any CPU.ActiveCfg = Release|Any CPU
		{B93F1570-B770-4957-B2F7-F8DCC10CAA60}.Release|Any CPU.Build.0 = Release|Any CPU
		{6C2BF0BC-0F78-4606-AA60-D94C6AC02518}.Debug|Any CPU.ActiveCfg = Debug|Any CPU
		{6C2BF0BC-0F78-4606-AA60-D94C6AC02518}.Debug|Any CPU.Build.0 = Debug|Any CPU
		{6C2BF0BC-0F78-4606-AA60-D94C6AC02518}.Release|Any CPU.ActiveCfg = Release|Any CPU
		{6C2BF0BC-0F78-4606-AA60-D94C6AC02518}.Release|Any CPU.Build.0 = Release|Any CPU
		{012AAD08-1021-40EE-82C0-EE88F749E29C}.Debug|Any CPU.ActiveCfg = Debug|Any CPU
		{012AAD08-1021-40EE-82C0-EE88F749E29C}.Debug|Any CPU.Build.0 = Debug|Any CPU
		{012AAD08-1021-40EE-82C0-EE88F749E29C}.Release|Any CPU.ActiveCfg = Release|Any CPU
		{012AAD08-1021-40EE-82C0-EE88F749E29C}.Release|Any CPU.Build.0 = Release|Any CPU
		{EE11CB2D-F882-4235-A2C0-A7CBFAFABB49}.Debug|Any CPU.ActiveCfg = Debug|Any CPU
		{EE11CB2D-F882-4235-A2C0-A7CBFAFABB49}.Debug|Any CPU.Build.0 = Debug|Any CPU
		{EE11CB2D-F882-4235-A2C0-A7CBFAFABB49}.Release|Any CPU.ActiveCfg = Release|Any CPU
		{EE11CB2D-F882-4235-A2C0-A7CBFAFABB49}.Release|Any CPU.Build.0 = Release|Any CPU
		{24A02274-6757-4F11-9D47-BC9E0CFBC649}.Debug|Any CPU.ActiveCfg = Debug|Any CPU
		{24A02274-6757-4F11-9D47-BC9E0CFBC649}.Debug|Any CPU.Build.0 = Debug|Any CPU
		{24A02274-6757-4F11-9D47-BC9E0CFBC649}.Release|Any CPU.ActiveCfg = Release|Any CPU
		{24A02274-6757-4F11-9D47-BC9E0CFBC649}.Release|Any CPU.Build.0 = Release|Any CPU
		{3BAB0AB3-D0B2-49F6-8565-D9BDA9D667AC}.Debug|Any CPU.ActiveCfg = Debug|Any CPU
		{3BAB0AB3-D0B2-49F6-8565-D9BDA9D667AC}.Debug|Any CPU.Build.0 = Debug|Any CPU
		{3BAB0AB3-D0B2-49F6-8565-D9BDA9D667AC}.Release|Any CPU.ActiveCfg = Release|Any CPU
		{3BAB0AB3-D0B2-49F6-8565-D9BDA9D667AC}.Release|Any CPU.Build.0 = Release|Any CPU
		{01C1F016-3037-45CE-B7F2-8A4765FC0E33}.Debug|Any CPU.ActiveCfg = Debug|Any CPU
		{01C1F016-3037-45CE-B7F2-8A4765FC0E33}.Debug|Any CPU.Build.0 = Debug|Any CPU
		{01C1F016-3037-45CE-B7F2-8A4765FC0E33}.Release|Any CPU.ActiveCfg = Release|Any CPU
		{01C1F016-3037-45CE-B7F2-8A4765FC0E33}.Release|Any CPU.Build.0 = Release|Any CPU
		{19077B59-9F79-4080-A0A2-4D3DDCF8A474}.Debug|Any CPU.ActiveCfg = Debug|Any CPU
		{19077B59-9F79-4080-A0A2-4D3DDCF8A474}.Debug|Any CPU.Build.0 = Debug|Any CPU
		{19077B59-9F79-4080-A0A2-4D3DDCF8A474}.Release|Any CPU.ActiveCfg = Release|Any CPU
		{19077B59-9F79-4080-A0A2-4D3DDCF8A474}.Release|Any CPU.Build.0 = Release|Any CPU
		{F7741072-9199-4A2B-837F-9C11375CA322}.Debug|Any CPU.ActiveCfg = Debug|Any CPU
		{F7741072-9199-4A2B-837F-9C11375CA322}.Debug|Any CPU.Build.0 = Debug|Any CPU
		{F7741072-9199-4A2B-837F-9C11375CA322}.Release|Any CPU.ActiveCfg = Release|Any CPU
		{F7741072-9199-4A2B-837F-9C11375CA322}.Release|Any CPU.Build.0 = Release|Any CPU
	EndGlobalSection
	GlobalSection(SolutionProperties) = preSolution
		HideSolutionNode = FALSE
	EndGlobalSection
	GlobalSection(ExtensibilityGlobals) = postSolution
		SolutionGuid = {A12C88C9-5D54-4D22-9CD3-5703F06944C2}
	EndGlobalSection
EndGlobal
