
Microsoft Visual Studio Solution File, Format Version 12.00
# Visual Studio 15
VisualStudioVersion = 15.0.26430.6
MinimumVisualStudioVersion = 10.0.40219.1
Project("{9A19103F-16F7-4668-BE54-9A1E7A4F7556}") = "KickStarter.Library", "KickStarter.Library\KickStarter.Library.csproj", "{7D48466C-B2D0-46FC-B29F-AB309896D0DE}"
EndProject
Project("{9A19103F-16F7-4668-BE54-9A1E7A4F7556}") = "KickStarter.Library.Tests", "KickStarter.Library.Tests\KickStarter.Library.Tests.csproj", "{60ECACEE-63D4-4031-8D79-E1F267DF77F2}"
EndProject
Project("{FAE04EC0-301F-11D3-BF4B-00C04F79EFBC}") = "KickStarter.ServiceLayer.Servives", "KickStarter.ServiceLayer.Servives\KickStarter.ServiceLayer.Servives.csproj", "{DC8D1781-DD98-4A72-9391-63159872252D}"
EndProject
Project("{FAE04EC0-301F-11D3-BF4B-00C04F79EFBC}") = "KickStarter.BusinessLayer", "KickStarter.BusinessLayer\KickStarter.BusinessLayer.csproj", "{EAB9E919-3713-458F-BC66-3A2E87482905}"
EndProject
Project("{FAE04EC0-301F-11D3-BF4B-00C04F79EFBC}") = "KickStarter.DataLayer", "KickStarter.DataLayer\KickStarter.DataLayer.csproj", "{ABAF7EC4-AC4A-47DF-818C-650CA4BE9EC9}"
EndProject
Project("{FAE04EC0-301F-11D3-BF4B-00C04F79EFBC}") = "Kickstarter.Framework", "Kickstarter.Framework\Kickstarter.Framework.csproj", "{B93F1570-B770-4957-B2F7-F8DCC10CAA60}"
EndProject
Global
	GlobalSection(SolutionConfigurationPlatforms) = preSolution
		Debug|Any CPU = Debug|Any CPU
		Release|Any CPU = Release|Any CPU
	EndGlobalSection
	GlobalSection(ProjectConfigurationPlatforms) = postSolution
		{7D48466C-B2D0-46FC-B29F-AB309896D0DE}.Debug|Any CPU.ActiveCfg = Debug|Any CPU
		{7D48466C-B2D0-46FC-B29F-AB309896D0DE}.Debug|Any CPU.Build.0 = Debug|Any CPU
		{7D48466C-B2D0-46FC-B29F-AB309896D0DE}.Release|Any CPU.ActiveCfg = Release|Any CPU
		{7D48466C-B2D0-46FC-B29F-AB309896D0DE}.Release|Any CPU.Build.0 = Release|Any CPU
		{60ECACEE-63D4-4031-8D79-E1F267DF77F2}.Debug|Any CPU.ActiveCfg = Debug|Any CPU
		{60ECACEE-63D4-4031-8D79-E1F267DF77F2}.Debug|Any CPU.Build.0 = Debug|Any CPU
		{60ECACEE-63D4-4031-8D79-E1F267DF77F2}.Release|Any CPU.ActiveCfg = Release|Any CPU
		{60ECACEE-63D4-4031-8D79-E1F267DF77F2}.Release|Any CPU.Build.0 = Release|Any CPU
		{DC8D1781-DD98-4A72-9391-63159872252D}.Debug|Any CPU.ActiveCfg = Debug|Any CPU
		{DC8D1781-DD98-4A72-9391-63159872252D}.Debug|Any CPU.Build.0 = Debug|Any CPU
		{DC8D1781-DD98-4A72-9391-63159872252D}.Release|Any CPU.ActiveCfg = Release|Any CPU
		{DC8D1781-DD98-4A72-9391-63159872252D}.Release|Any CPU.Build.0 = Release|Any CPU
		{EAB9E919-3713-458F-BC66-3A2E87482905}.Debug|Any CPU.ActiveCfg = Debug|Any CPU
		{EAB9E919-3713-458F-BC66-3A2E87482905}.Debug|Any CPU.Build.0 = Debug|Any CPU
		{EAB9E919-3713-458F-BC66-3A2E87482905}.Release|Any CPU.ActiveCfg = Release|Any CPU
		{EAB9E919-3713-458F-BC66-3A2E87482905}.Release|Any CPU.Build.0 = Release|Any CPU
		{ABAF7EC4-AC4A-47DF-818C-650CA4BE9EC9}.Debug|Any CPU.ActiveCfg = Debug|Any CPU
		{ABAF7EC4-AC4A-47DF-818C-650CA4BE9EC9}.Debug|Any CPU.Build.0 = Debug|Any CPU
		{ABAF7EC4-AC4A-47DF-818C-650CA4BE9EC9}.Release|Any CPU.ActiveCfg = Release|Any CPU
		{ABAF7EC4-AC4A-47DF-818C-650CA4BE9EC9}.Release|Any CPU.Build.0 = Release|Any CPU
		{B93F1570-B770-4957-B2F7-F8DCC10CAA60}.Debug|Any CPU.ActiveCfg = Debug|Any CPU
		{B93F1570-B770-4957-B2F7-F8DCC10CAA60}.Debug|Any CPU.Build.0 = Debug|Any CPU
		{B93F1570-B770-4957-B2F7-F8DCC10CAA60}.Release|Any CPU.ActiveCfg = Release|Any CPU
		{B93F1570-B770-4957-B2F7-F8DCC10CAA60}.Release|Any CPU.Build.0 = Release|Any CPU
	EndGlobalSection
	GlobalSection(SolutionProperties) = preSolution
		HideSolutionNode = FALSE
	EndGlobalSection
	GlobalSection(ExtensibilityGlobals) = postSolution
		SolutionGuid = {A12C88C9-5D54-4D22-9CD3-5703F06944C2}
	EndGlobalSection
EndGlobal
